Microsoft Visual Studio Solution File, Format Version 12.00
# Visual Studio 2012
Project("{FAE04EC0-301F-11D3-BF4B-00C04F79EFBC}") = "Build", "..\Build\Build.csproj", "{BA6E610A-3015-4536-99CD-D73892E9BD1E}"
	ProjectSection(ProjectDependencies) = postProject
		{B5DC5DD5-B1B7-4EFF-B605-57909219EA9E} = {B5DC5DD5-B1B7-4EFF-B605-57909219EA9E}
		{23191E21-06CB-431A-9601-8109DD8ED5BC} = {23191E21-06CB-431A-9601-8109DD8ED5BC}
		{757D969E-5615-4578-B200-7CB3E7EF8C4A} = {757D969E-5615-4578-B200-7CB3E7EF8C4A}
		{0A5008C5-1F93-460D-947A-F80626618BC1} = {0A5008C5-1F93-460D-947A-F80626618BC1}
		{6AA664E9-B45F-4D61-9B9F-E68341C16473} = {6AA664E9-B45F-4D61-9B9F-E68341C16473}
		{1F2E249D-8B25-4B0D-9396-A51B640A9190} = {1F2E249D-8B25-4B0D-9396-A51B640A9190}
		{93DB98CD-27F5-4604-B19B-98733846009F} = {93DB98CD-27F5-4604-B19B-98733846009F}
		{FF366135-4BCB-4E8F-B98A-B1469B12EB01} = {FF366135-4BCB-4E8F-B98A-B1469B12EB01}
		{55A67A5D-43E8-4290-B52F-230233B1439D} = {55A67A5D-43E8-4290-B52F-230233B1439D}
		{A42ED57E-1F65-4800-BEE0-C5D93842338B} = {A42ED57E-1F65-4800-BEE0-C5D93842338B}
		{04AE5142-5537-436B-8B87-8E676B059FF2} = {04AE5142-5537-436B-8B87-8E676B059FF2}
		{9C10B224-7ABC-46D1-9ADC-58A817D6AF59} = {9C10B224-7ABC-46D1-9ADC-58A817D6AF59}
	EndProjectSection
EndProject
Project("{FAE04EC0-301F-11D3-BF4B-00C04F79EFBC}") = "Wizards of SimPe", "..\Wizards of SimPe\Wizards of SimPe.csproj", "{9C10B224-7ABC-46D1-9ADC-58A817D6AF59}"
EndProject
Project("{FAE04EC0-301F-11D3-BF4B-00C04F79EFBC}") = "WOSimPe - Recolor", "..\__NonCore\WOSimPe - Recolor\WOSimPe - Recolor.csproj", "{55A67A5D-43E8-4290-B52F-230233B1439D}"
EndProject
Project("{FAE04EC0-301F-11D3-BF4B-00C04F79EFBC}") = "WOSimPE - Interfaces", "..\WOSimPE - Interfaces\WOSimPE - Interfaces.csproj", "{833C3B98-5A2D-476B-8B4B-C9548C1C99B6}"
EndProject
Project("{FAE04EC0-301F-11D3-BF4B-00C04F79EFBC}") = "TGA_View", "..\TGA_View\TGA_View.csproj", "{320E7C5E-60E6-4069-9852-D296DB688F5D}"
EndProject
Project("{FAE04EC0-301F-11D3-BF4B-00C04F79EFBC}") = "SimPe pjse System Classes", "..\..\pjse\pjseCoderPlugin\pjse System Classes\SimPe pjse System Classes.csproj", "{0B9D2E1D-30F3-4718-B66B-791BFBAC3DB7}"
EndProject
Project("{FAE04EC0-301F-11D3-BF4B-00C04F79EFBC}") = "SimPe pjse localisation", "..\..\pjse\pjseCoderPlugin\pjse Localisation\SimPe pjse localisation.csproj", "{F5C9F168-98B7-4AE8-8ED6-9DB9A23A4CCF}"
EndProject
Project("{FAE04EC0-301F-11D3-BF4B-00C04F79EFBC}") = "SimPe pjse filetable", "..\..\pjse\pjseCoderPlugin\pjse filetable\SimPe pjse filetable.csproj", "{84085FAA-A947-492E-88BC-B941A4623811}"
EndProject
Project("{FAE04EC0-301F-11D3-BF4B-00C04F79EFBC}") = "SimPe pjse update tool", "..\..\pjse\pjseCoderPlugin\pjse update tool\SimPe pjse update tool.csproj", "{AF7E4CA2-6B8F-4A54-8149-9B7BEAB23432}"
EndProject
Project("{FAE04EC0-301F-11D3-BF4B-00C04F79EFBC}") = "SimPe pjse GUID Tool", "..\..\pjse\pjseCoderPlugin\pjse GUID Tool\SimPe pjse GUID Tool.csproj", "{DF925ACD-1B45-4B03-8832-54E00EE6C5D7}"
EndProject
Project("{FAE04EC0-301F-11D3-BF4B-00C04F79EFBC}") = "SimPe pjse coder plugin", "..\..\pjse\pjseCoderPlugin\SimPe BHAV\SimPe pjse coder plugin.csproj", "{19BF4C91-3A16-41D2-A7F0-2DE5BD7E13CF}"
EndProject
Project("{FAE04EC0-301F-11D3-BF4B-00C04F79EFBC}") = "SimPe pjObjKeyTool", "..\..\pjse\pjObjKeyTool\pjObjKeyTool\SimPe pjObjKeyTool.csproj", "{DA114369-0A54-42A9-A3B0-F48FC5EA4F7D}"
EndProject
Project("{FAE04EC0-301F-11D3-BF4B-00C04F79EFBC}") = "SimPe pjOBJDTool", "..\..\pjse\pjOBJDTool\pjOBJDTool\SimPe pjOBJDTool.csproj", "{62E5BE50-2A34-43D0-9ABA-EE3F751C1627}"
EndProject
Project("{FAE04EC0-301F-11D3-BF4B-00C04F79EFBC}") = "SimPe pjBodyMeshTool", "..\..\pjse\pjBodyMeshTool\pjBodyMeshTool\SimPe pjBodyMeshTool.csproj", "{0E0A4A2C-1BAE-4659-9511-5C089FA4E154}"
EndProject
Project("{FAE04EC0-301F-11D3-BF4B-00C04F79EFBC}") = "SimPe pjHoodTool", "..\..\pjse\pjHoodTool\pjHoodTool\SimPe pjHoodTool.csproj", "{7BEDA101-8294-40CF-838C-40523DBBCDA7}"
EndProject
Project("{FAE04EC0-301F-11D3-BF4B-00C04F79EFBC}") = "SimPe", "..\SimPe\SimPe.csproj", "{C62B5A09-3F7E-49E9-9A74-CC3634550179}"
EndProject
Project("{9344BDBB-3E7F-41FC-A0DD-8665D75EE146}") = "language Extractor", "..\SimPe LangExtracter\language Extractor.csproj", "{757D969E-5615-4578-B200-7CB3E7EF8C4A}"
EndProject
Project("{9344BDBB-3E7F-41FC-A0DD-8665D75EE146}") = "SimPe NGBH Scanner", "..\__NonCore\SimPe NGBH Scanner\SimPe NGBH Scanner.csproj", "{93DB98CD-27F5-4604-B19B-98733846009F}"
EndProject
Project("{9344BDBB-3E7F-41FC-A0DD-8665D75EE146}") = "SimPe 3D", "..\__NonCore\SimPe 3D\SimPe 3D.csproj", "{1F2E249D-8B25-4B0D-9396-A51B640A9190}"
EndProject
Project("{9344BDBB-3E7F-41FC-A0DD-8665D75EE146}") = "SimPe Toolbox Scenegraph", "..\__NonCore\SimPe Toolbox Scenegraph\SimPe Toolbox Scenegraph.csproj", "{0A5008C5-1F93-460D-947A-F80626618BC1}"
EndProject
Project("{9344BDBB-3E7F-41FC-A0DD-8665D75EE146}") = "SimPe Main", "..\SimPe Main\SimPe Main.csproj", "{FF366135-4BCB-4E8F-B98A-B1469B12EB01}"
EndProject
Project("{9344BDBB-3E7F-41FC-A0DD-8665D75EE146}") = "SimPe Name Provider", "..\SimPe Name Provider\SimPe Name Provider.csproj", "{BA2DDBAD-7B3E-4DAB-8C75-90BDB0CF7971}"
EndProject
Project("{9344BDBB-3E7F-41FC-A0DD-8665D75EE146}") = "SimPe Sims", "..\SimPe Sims\SimPe Sims.csproj", "{F9D12771-F09E-46A4-B059-F2863BBCB284}"
EndProject
Project("{9344BDBB-3E7F-41FC-A0DD-8665D75EE146}") = "SimPe HGBH", "..\SimPe HGBH\SimPe HGBH.csproj", "{B7C42555-6136-42F3-8447-7E8FC0EB82A2}"
EndProject
Project("{9344BDBB-3E7F-41FC-A0DD-8665D75EE146}") = "SimPe Sims2CommunityPack", "..\SimPe Sims2CommunityPack\SimPe Sims2CommunityPack.csproj", "{919D3995-A665-4630-9467-BAF47933322E}"
EndProject
Project("{9344BDBB-3E7F-41FC-A0DD-8665D75EE146}") = "SimPe Toolbox", "..\SimPe Toolbox\SimPe Toolbox.csproj", "{1EDAF2EE-1385-48D7-A47D-8D56ECEE6270}"
EndProject
Project("{9344BDBB-3E7F-41FC-A0DD-8665D75EE146}") = "SimPE Toolbox Scanner", "..\SimPE Toolbox Scanner\SimPE Toolbox Scanner.csproj", "{D85F3714-808E-441C-A515-98600948A49C}"
EndProject
Project("{9344BDBB-3E7F-41FC-A0DD-8665D75EE146}") = "SimPe Toolbox Workshops", "..\SimPe Toolbox Workshops\SimPe Toolbox Workshops.csproj", "{70764FA6-9083-417A-ABDE-24C8CDD11C54}"
EndProject
Project("{9344BDBB-3E7F-41FC-A0DD-8665D75EE146}") = "SimPe Wizardbase", "..\SimPe Wizardbase\SimPe Wizardbase.csproj", "{7CF14A1C-C77D-4D48-BE64-1B07D6D11543}"
EndProject
Project("{9344BDBB-3E7F-41FC-A0DD-8665D75EE146}") = "SimPe Wants", "..\SimPe Wants\SimPe Wants.csproj", "{B5DC5DD5-B1B7-4EFF-B605-57909219EA9E}"
EndProject
Project("{9344BDBB-3E7F-41FC-A0DD-8665D75EE146}") = "ColorBinningTool", "..\ColorBinningTool\ColorBinningTool.csproj", "{C34DE705-C0C6-4698-BBF1-56D4B1E591D0}"
EndProject
Project("{9344BDBB-3E7F-41FC-A0DD-8665D75EE146}") = "simpeGameTipplugin", "..\SimPe GameTipPlugin\simpeGameTipplugin.csproj", "{123B29C4-676C-4C93-96E3-DF6FA5F17117}"
EndProject
Project("{9344BDBB-3E7F-41FC-A0DD-8665D75EE146}") = "simpeMoreplugin", "..\SimPe More Plugins\simpeMoreplugin.csproj", "{6FEE1E00-21CC-46B5-BDF3-1A3E13A96AE2}"
EndProject
Project("{9344BDBB-3E7F-41FC-A0DD-8665D75EE146}") = "SimPe GMDC Exporter", "..\__NonCore\SimPe GMDC Exporter\SimPe GMDC Exporter.csproj", "{23191E21-06CB-431A-9601-8109DD8ED5BC}"
EndProject
Project("{9344BDBB-3E7F-41FC-A0DD-8665D75EE146}") = "SimPe Dockbox", "..\__NonCore\SimPe Dockbox\SimPe Dockbox.csproj", "{04AE5142-5537-436B-8B87-8E676B059FF2}"
EndProject
Project("{9344BDBB-3E7F-41FC-A0DD-8665D75EE146}") = "SimPe Downloads", "..\__NonCore\SimPe Downloads\SimPe Downloads.csproj", "{A42ED57E-1F65-4800-BEE0-C5D93842338B}"
EndProject
Project("{9344BDBB-3E7F-41FC-A0DD-8665D75EE146}") = "SimPe Interfaces", "..\SimPe Interfaces\SimPe Interfaces.csproj", "{1B3BDBE4-B8DD-4C91-BC8C-F908CA7DC5BE}"
EndProject
Project("{9344BDBB-3E7F-41FC-A0DD-8665D75EE146}") = "SimPe Helper", "..\SimPe Helper\SimPe Helper.csproj", "{15F8A159-7E81-48F9-A812-A26995E57E43}"
EndProject
Project("{9344BDBB-3E7F-41FC-A0DD-8665D75EE146}") = "SimPe Packages", "..\SimPe Packages\SimPe Packages.csproj", "{90E3D729-B2F4-43C8-9287-05C8F810FDAA}"
EndProject
Project("{9344BDBB-3E7F-41FC-A0DD-8665D75EE146}") = "SimPe Clst", "..\SimPe Clst\SimPe Clst.csproj", "{FE545C7D-89CD-4DC4-AF79-2F954E60EC8B}"
EndProject
Project("{9344BDBB-3E7F-41FC-A0DD-8665D75EE146}") = "SimPe FileHandlers", "..\SimPe FileHandler\SimPe FileHandlers.csproj", "{DC7A6F01-7424-4F75-8EC7-FB744EDE0A85}"
EndProject
Project("{9344BDBB-3E7F-41FC-A0DD-8665D75EE146}") = "SimPe Cache", "..\SimPe Cache\SimPe Cache.csproj", "{01CD7EA0-AD6D-4895-BCD9-0A74F0ADC624}"
EndProject
Project("{9344BDBB-3E7F-41FC-A0DD-8665D75EE146}") = "SimPe RCOL", "..\SimPe RCOL\SimPe RCOL.csproj", "{98AEE536-9B30-464F-AE2A-5023E383F10F}"
EndProject
Project("{9344BDBB-3E7F-41FC-A0DD-8665D75EE146}") = "SimPe Geometry", "..\SimPe Geometry\SimPe Geometry.csproj", "{F05E0CF4-C8A4-4500-8E2D-74F1F2C75AA0}"
EndProject
Project("{9344BDBB-3E7F-41FC-A0DD-8665D75EE146}") = "SimPe GMDC Exporter Base", "..\SimPe GMDC Exporter Base\SimPe GMDC Exporter Base.csproj", "{185EF4A5-DCDD-40A3-803D-DD4A960852B4}"
EndProject
Project("{9344BDBB-3E7F-41FC-A0DD-8665D75EE146}") = "SimPe Scenegraph", "..\SimPe Scenegraph\SimPe Scenegraph.csproj", "{5D317A8D-7C05-4372-B8FD-8F53830FA2A9}"
EndProject
Project("{9344BDBB-3E7F-41FC-A0DD-8665D75EE146}") = "SimPe 3IDR", "..\SimPe 3IDR\SimPe 3IDR.csproj", "{B7964FBA-E44E-4A1F-8604-76B57D55DB88}"
EndProject
Project("{9344BDBB-3E7F-41FC-A0DD-8665D75EE146}") = "SimPe Commandline", "..\SimPe Commandline\SimPe Commandline.csproj", "{DF3959A0-B956-49B4-AE52-4D31C362D0E6}"
EndProject
Project("{9344BDBB-3E7F-41FC-A0DD-8665D75EE146}") = "SimPe Workspace Helper", "..\SimPe Workspace Helper\SimPe Workspace Helper.csproj", "{869B0FB6-6348-4F7F-8AC7-3614B5DC17B4}"
EndProject
Project("{9344BDBB-3E7F-41FC-A0DD-8665D75EE146}") = "SimPe ResourceControls", "..\SimPe ResourceControls\SimPe ResourceControls.csproj", "{E7B210C8-ECE8-4E30-A5A8-27299788C29C}"
EndProject
Project("{9344BDBB-3E7F-41FC-A0DD-8665D75EE146}") = "SimPe Splash", "..\SimPe Splash\SimPe Splash.csproj", "{F9B4B0C5-B459-4703-AC83-4AEC202D8BF8}"
EndProject
Project("{9344BDBB-3E7F-41FC-A0DD-8665D75EE146}") = "EnumComboBox", "..\EnumComboBox\EnumComboBox.csproj", "{34186D6D-CCCC-4143-9B4B-2F6093D26178}"
EndProject
Project("{9344BDBB-3E7F-41FC-A0DD-8665D75EE146}") = "GraphControl", "..\GraphControl\GraphControl.csproj", "{2569D011-E3AD-48B4-BB5D-AE934A654456}"
EndProject
Project("{9344BDBB-3E7F-41FC-A0DD-8665D75EE146}") = "NewHexEdit", "..\HexEdit\NewHexEdit.csproj", "{47C910F5-BCC7-47FD-838B-E3801B8BDD5D}"
EndProject
Project("{9344BDBB-3E7F-41FC-A0DD-8665D75EE146}") = "SimPe famhPlugin", "..\SimPe FAMH\SimPe famhPlugin.csproj", "{346C5CDA-63BA-4CAE-8781-C146AA5E8672}"
EndProject
Project("{FAE04EC0-301F-11D3-BF4B-00C04F79EFBC}") = "SimPe BHAV", "..\__NonCore\SimPe BHAV\SimPe BHAV.csproj", "{6AA664E9-B45F-4D61-9B9F-E68341C16473}"
EndProject
Global
	GlobalSection(SolutionConfigurationPlatforms) = preSolution
		Debug|Any CPU = Debug|Any CPU
		InProgress|Any CPU = InProgress|Any CPU
		Release MAC|Any CPU = Release MAC|Any CPU
		Release|Any CPU = Release|Any CPU
	EndGlobalSection
	GlobalSection(ProjectConfigurationPlatforms) = postSolution
		{BA6E610A-3015-4536-99CD-D73892E9BD1E}.Debug|Any CPU.ActiveCfg = Debug|Any CPU
		{BA6E610A-3015-4536-99CD-D73892E9BD1E}.Debug|Any CPU.Build.0 = Debug|Any CPU
		{BA6E610A-3015-4536-99CD-D73892E9BD1E}.InProgress|Any CPU.ActiveCfg = Release|Any CPU
		{BA6E610A-3015-4536-99CD-D73892E9BD1E}.InProgress|Any CPU.Build.0 = Release|Any CPU
		{BA6E610A-3015-4536-99CD-D73892E9BD1E}.Release MAC|Any CPU.ActiveCfg = Release|Any CPU
		{BA6E610A-3015-4536-99CD-D73892E9BD1E}.Release MAC|Any CPU.Build.0 = Release|Any CPU
		{BA6E610A-3015-4536-99CD-D73892E9BD1E}.Release|Any CPU.ActiveCfg = Release|Any CPU
		{BA6E610A-3015-4536-99CD-D73892E9BD1E}.Release|Any CPU.Build.0 = Release|Any CPU
		{9C10B224-7ABC-46D1-9ADC-58A817D6AF59}.Debug|Any CPU.ActiveCfg = Debug|Any CPU
		{9C10B224-7ABC-46D1-9ADC-58A817D6AF59}.Debug|Any CPU.Build.0 = Debug|Any CPU
		{9C10B224-7ABC-46D1-9ADC-58A817D6AF59}.InProgress|Any CPU.ActiveCfg = Release MAC|Any CPU
		{9C10B224-7ABC-46D1-9ADC-58A817D6AF59}.InProgress|Any CPU.Build.0 = Release MAC|Any CPU
		{9C10B224-7ABC-46D1-9ADC-58A817D6AF59}.Release MAC|Any CPU.ActiveCfg = Release MAC|Any CPU
		{9C10B224-7ABC-46D1-9ADC-58A817D6AF59}.Release MAC|Any CPU.Build.0 = Release MAC|Any CPU
		{9C10B224-7ABC-46D1-9ADC-58A817D6AF59}.Release|Any CPU.ActiveCfg = Release|Any CPU
		{9C10B224-7ABC-46D1-9ADC-58A817D6AF59}.Release|Any CPU.Build.0 = Release|Any CPU
		{55A67A5D-43E8-4290-B52F-230233B1439D}.Debug|Any CPU.ActiveCfg = Debug|Any CPU
		{55A67A5D-43E8-4290-B52F-230233B1439D}.Debug|Any CPU.Build.0 = Debug|Any CPU
		{55A67A5D-43E8-4290-B52F-230233B1439D}.InProgress|Any CPU.ActiveCfg = Release MAC|Any CPU
		{55A67A5D-43E8-4290-B52F-230233B1439D}.InProgress|Any CPU.Build.0 = Release MAC|Any CPU
		{55A67A5D-43E8-4290-B52F-230233B1439D}.Release MAC|Any CPU.ActiveCfg = Release MAC|Any CPU
		{55A67A5D-43E8-4290-B52F-230233B1439D}.Release MAC|Any CPU.Build.0 = Release MAC|Any CPU
		{55A67A5D-43E8-4290-B52F-230233B1439D}.Release|Any CPU.ActiveCfg = Release|Any CPU
		{55A67A5D-43E8-4290-B52F-230233B1439D}.Release|Any CPU.Build.0 = Release|Any CPU
		{833C3B98-5A2D-476B-8B4B-C9548C1C99B6}.Debug|Any CPU.ActiveCfg = Debug|Any CPU
		{833C3B98-5A2D-476B-8B4B-C9548C1C99B6}.Debug|Any CPU.Build.0 = Debug|Any CPU
		{833C3B98-5A2D-476B-8B4B-C9548C1C99B6}.InProgress|Any CPU.ActiveCfg = Release|Any CPU
		{833C3B98-5A2D-476B-8B4B-C9548C1C99B6}.InProgress|Any CPU.Build.0 = Release|Any CPU
		{833C3B98-5A2D-476B-8B4B-C9548C1C99B6}.Release MAC|Any CPU.ActiveCfg = Release|Any CPU
		{833C3B98-5A2D-476B-8B4B-C9548C1C99B6}.Release MAC|Any CPU.Build.0 = Release|Any CPU
		{833C3B98-5A2D-476B-8B4B-C9548C1C99B6}.Release|Any CPU.ActiveCfg = Release|Any CPU
		{833C3B98-5A2D-476B-8B4B-C9548C1C99B6}.Release|Any CPU.Build.0 = Release|Any CPU
		{320E7C5E-60E6-4069-9852-D296DB688F5D}.Debug|Any CPU.ActiveCfg = Debug|Any CPU
		{320E7C5E-60E6-4069-9852-D296DB688F5D}.Debug|Any CPU.Build.0 = Debug|Any CPU
		{320E7C5E-60E6-4069-9852-D296DB688F5D}.InProgress|Any CPU.ActiveCfg = Release MAC|Any CPU
		{320E7C5E-60E6-4069-9852-D296DB688F5D}.InProgress|Any CPU.Build.0 = Release MAC|Any CPU
		{320E7C5E-60E6-4069-9852-D296DB688F5D}.Release MAC|Any CPU.ActiveCfg = Release MAC|Any CPU
		{320E7C5E-60E6-4069-9852-D296DB688F5D}.Release MAC|Any CPU.Build.0 = Release MAC|Any CPU
		{320E7C5E-60E6-4069-9852-D296DB688F5D}.Release|Any CPU.ActiveCfg = Release|Any CPU
		{320E7C5E-60E6-4069-9852-D296DB688F5D}.Release|Any CPU.Build.0 = Release|Any CPU
		{0B9D2E1D-30F3-4718-B66B-791BFBAC3DB7}.Debug|Any CPU.ActiveCfg = Debug|Any CPU
		{0B9D2E1D-30F3-4718-B66B-791BFBAC3DB7}.Debug|Any CPU.Build.0 = Debug|Any CPU
		{0B9D2E1D-30F3-4718-B66B-791BFBAC3DB7}.InProgress|Any CPU.ActiveCfg = Release|Any CPU
		{0B9D2E1D-30F3-4718-B66B-791BFBAC3DB7}.InProgress|Any CPU.Build.0 = Release|Any CPU
		{0B9D2E1D-30F3-4718-B66B-791BFBAC3DB7}.Release MAC|Any CPU.ActiveCfg = Release|Any CPU
		{0B9D2E1D-30F3-4718-B66B-791BFBAC3DB7}.Release MAC|Any CPU.Build.0 = Release|Any CPU
		{0B9D2E1D-30F3-4718-B66B-791BFBAC3DB7}.Release|Any CPU.ActiveCfg = Release|Any CPU
		{0B9D2E1D-30F3-4718-B66B-791BFBAC3DB7}.Release|Any CPU.Build.0 = Release|Any CPU
		{F5C9F168-98B7-4AE8-8ED6-9DB9A23A4CCF}.Debug|Any CPU.ActiveCfg = Debug|Any CPU
		{F5C9F168-98B7-4AE8-8ED6-9DB9A23A4CCF}.Debug|Any CPU.Build.0 = Debug|Any CPU
		{F5C9F168-98B7-4AE8-8ED6-9DB9A23A4CCF}.InProgress|Any CPU.ActiveCfg = InProgress|Any CPU
		{F5C9F168-98B7-4AE8-8ED6-9DB9A23A4CCF}.InProgress|Any CPU.Build.0 = InProgress|Any CPU
		{F5C9F168-98B7-4AE8-8ED6-9DB9A23A4CCF}.Release MAC|Any CPU.ActiveCfg = Release|Any CPU
		{F5C9F168-98B7-4AE8-8ED6-9DB9A23A4CCF}.Release MAC|Any CPU.Build.0 = Release|Any CPU
		{F5C9F168-98B7-4AE8-8ED6-9DB9A23A4CCF}.Release|Any CPU.ActiveCfg = Release|Any CPU
		{F5C9F168-98B7-4AE8-8ED6-9DB9A23A4CCF}.Release|Any CPU.Build.0 = Release|Any CPU
		{84085FAA-A947-492E-88BC-B941A4623811}.Debug|Any CPU.ActiveCfg = Debug|Any CPU
		{84085FAA-A947-492E-88BC-B941A4623811}.Debug|Any CPU.Build.0 = Debug|Any CPU
		{84085FAA-A947-492E-88BC-B941A4623811}.InProgress|Any CPU.ActiveCfg = InProgress|Any CPU
		{84085FAA-A947-492E-88BC-B941A4623811}.InProgress|Any CPU.Build.0 = InProgress|Any CPU
		{84085FAA-A947-492E-88BC-B941A4623811}.Release MAC|Any CPU.ActiveCfg = Release|Any CPU
		{84085FAA-A947-492E-88BC-B941A4623811}.Release MAC|Any CPU.Build.0 = Release|Any CPU
		{84085FAA-A947-492E-88BC-B941A4623811}.Release|Any CPU.ActiveCfg = Release|Any CPU
		{84085FAA-A947-492E-88BC-B941A4623811}.Release|Any CPU.Build.0 = Release|Any CPU
		{AF7E4CA2-6B8F-4A54-8149-9B7BEAB23432}.Debug|Any CPU.ActiveCfg = Debug|Any CPU
		{AF7E4CA2-6B8F-4A54-8149-9B7BEAB23432}.Debug|Any CPU.Build.0 = Debug|Any CPU
		{AF7E4CA2-6B8F-4A54-8149-9B7BEAB23432}.InProgress|Any CPU.ActiveCfg = Release|Any CPU
		{AF7E4CA2-6B8F-4A54-8149-9B7BEAB23432}.InProgress|Any CPU.Build.0 = Release|Any CPU
		{AF7E4CA2-6B8F-4A54-8149-9B7BEAB23432}.Release MAC|Any CPU.ActiveCfg = Release|Any CPU
		{AF7E4CA2-6B8F-4A54-8149-9B7BEAB23432}.Release MAC|Any CPU.Build.0 = Release|Any CPU
		{AF7E4CA2-6B8F-4A54-8149-9B7BEAB23432}.Release|Any CPU.ActiveCfg = Release|Any CPU
		{AF7E4CA2-6B8F-4A54-8149-9B7BEAB23432}.Release|Any CPU.Build.0 = Release|Any CPU
		{DF925ACD-1B45-4B03-8832-54E00EE6C5D7}.Debug|Any CPU.ActiveCfg = Debug|Any CPU
		{DF925ACD-1B45-4B03-8832-54E00EE6C5D7}.Debug|Any CPU.Build.0 = Debug|Any CPU
		{DF925ACD-1B45-4B03-8832-54E00EE6C5D7}.InProgress|Any CPU.ActiveCfg = InProgress|Any CPU
		{DF925ACD-1B45-4B03-8832-54E00EE6C5D7}.InProgress|Any CPU.Build.0 = InProgress|Any CPU
		{DF925ACD-1B45-4B03-8832-54E00EE6C5D7}.Release MAC|Any CPU.ActiveCfg = Release|Any CPU
		{DF925ACD-1B45-4B03-8832-54E00EE6C5D7}.Release MAC|Any CPU.Build.0 = Release|Any CPU
		{DF925ACD-1B45-4B03-8832-54E00EE6C5D7}.Release|Any CPU.ActiveCfg = Release|Any CPU
		{DF925ACD-1B45-4B03-8832-54E00EE6C5D7}.Release|Any CPU.Build.0 = Release|Any CPU
		{19BF4C91-3A16-41D2-A7F0-2DE5BD7E13CF}.Debug|Any CPU.ActiveCfg = Debug|Any CPU
		{19BF4C91-3A16-41D2-A7F0-2DE5BD7E13CF}.Debug|Any CPU.Build.0 = Debug|Any CPU
		{19BF4C91-3A16-41D2-A7F0-2DE5BD7E13CF}.InProgress|Any CPU.ActiveCfg = InProgress|Any CPU
		{19BF4C91-3A16-41D2-A7F0-2DE5BD7E13CF}.InProgress|Any CPU.Build.0 = InProgress|Any CPU
		{19BF4C91-3A16-41D2-A7F0-2DE5BD7E13CF}.Release MAC|Any CPU.ActiveCfg = Release|Any CPU
		{19BF4C91-3A16-41D2-A7F0-2DE5BD7E13CF}.Release MAC|Any CPU.Build.0 = Release|Any CPU
		{19BF4C91-3A16-41D2-A7F0-2DE5BD7E13CF}.Release|Any CPU.ActiveCfg = Release|Any CPU
		{19BF4C91-3A16-41D2-A7F0-2DE5BD7E13CF}.Release|Any CPU.Build.0 = Release|Any CPU
		{DA114369-0A54-42A9-A3B0-F48FC5EA4F7D}.Debug|Any CPU.ActiveCfg = Debug|Any CPU
		{DA114369-0A54-42A9-A3B0-F48FC5EA4F7D}.Debug|Any CPU.Build.0 = Debug|Any CPU
		{DA114369-0A54-42A9-A3B0-F48FC5EA4F7D}.InProgress|Any CPU.ActiveCfg = Release|Any CPU
		{DA114369-0A54-42A9-A3B0-F48FC5EA4F7D}.InProgress|Any CPU.Build.0 = Release|Any CPU
		{DA114369-0A54-42A9-A3B0-F48FC5EA4F7D}.Release MAC|Any CPU.ActiveCfg = Release|Any CPU
		{DA114369-0A54-42A9-A3B0-F48FC5EA4F7D}.Release MAC|Any CPU.Build.0 = Release|Any CPU
		{DA114369-0A54-42A9-A3B0-F48FC5EA4F7D}.Release|Any CPU.ActiveCfg = Release|Any CPU
		{DA114369-0A54-42A9-A3B0-F48FC5EA4F7D}.Release|Any CPU.Build.0 = Release|Any CPU
		{62E5BE50-2A34-43D0-9ABA-EE3F751C1627}.Debug|Any CPU.ActiveCfg = Debug|Any CPU
		{62E5BE50-2A34-43D0-9ABA-EE3F751C1627}.Debug|Any CPU.Build.0 = Debug|Any CPU
		{62E5BE50-2A34-43D0-9ABA-EE3F751C1627}.InProgress|Any CPU.ActiveCfg = Release|Any CPU
		{62E5BE50-2A34-43D0-9ABA-EE3F751C1627}.InProgress|Any CPU.Build.0 = Release|Any CPU
		{62E5BE50-2A34-43D0-9ABA-EE3F751C1627}.Release MAC|Any CPU.ActiveCfg = Release|Any CPU
		{62E5BE50-2A34-43D0-9ABA-EE3F751C1627}.Release MAC|Any CPU.Build.0 = Release|Any CPU
		{62E5BE50-2A34-43D0-9ABA-EE3F751C1627}.Release|Any CPU.ActiveCfg = Release|Any CPU
		{62E5BE50-2A34-43D0-9ABA-EE3F751C1627}.Release|Any CPU.Build.0 = Release|Any CPU
		{0E0A4A2C-1BAE-4659-9511-5C089FA4E154}.Debug|Any CPU.ActiveCfg = Debug|Any CPU
		{0E0A4A2C-1BAE-4659-9511-5C089FA4E154}.Debug|Any CPU.Build.0 = Debug|Any CPU
		{0E0A4A2C-1BAE-4659-9511-5C089FA4E154}.InProgress|Any CPU.ActiveCfg = Release|Any CPU
		{0E0A4A2C-1BAE-4659-9511-5C089FA4E154}.InProgress|Any CPU.Build.0 = Release|Any CPU
		{0E0A4A2C-1BAE-4659-9511-5C089FA4E154}.Release MAC|Any CPU.ActiveCfg = Release|Any CPU
		{0E0A4A2C-1BAE-4659-9511-5C089FA4E154}.Release MAC|Any CPU.Build.0 = Release|Any CPU
		{0E0A4A2C-1BAE-4659-9511-5C089FA4E154}.Release|Any CPU.ActiveCfg = Release|Any CPU
		{0E0A4A2C-1BAE-4659-9511-5C089FA4E154}.Release|Any CPU.Build.0 = Release|Any CPU
		{7BEDA101-8294-40CF-838C-40523DBBCDA7}.Debug|Any CPU.ActiveCfg = Debug|Any CPU
		{7BEDA101-8294-40CF-838C-40523DBBCDA7}.Debug|Any CPU.Build.0 = Debug|Any CPU
		{7BEDA101-8294-40CF-838C-40523DBBCDA7}.InProgress|Any CPU.ActiveCfg = Release|Any CPU
		{7BEDA101-8294-40CF-838C-40523DBBCDA7}.InProgress|Any CPU.Build.0 = Release|Any CPU
		{7BEDA101-8294-40CF-838C-40523DBBCDA7}.Release MAC|Any CPU.ActiveCfg = Release|Any CPU
		{7BEDA101-8294-40CF-838C-40523DBBCDA7}.Release MAC|Any CPU.Build.0 = Release|Any CPU
		{7BEDA101-8294-40CF-838C-40523DBBCDA7}.Release|Any CPU.ActiveCfg = Release|Any CPU
		{7BEDA101-8294-40CF-838C-40523DBBCDA7}.Release|Any CPU.Build.0 = Release|Any CPU
		{C62B5A09-3F7E-49E9-9A74-CC3634550179}.Debug|Any CPU.ActiveCfg = Debug|Any CPU
		{C62B5A09-3F7E-49E9-9A74-CC3634550179}.Debug|Any CPU.Build.0 = Debug|Any CPU
		{C62B5A09-3F7E-49E9-9A74-CC3634550179}.InProgress|Any CPU.ActiveCfg = Release|Any CPU
		{C62B5A09-3F7E-49E9-9A74-CC3634550179}.InProgress|Any CPU.Build.0 = Release|Any CPU
		{C62B5A09-3F7E-49E9-9A74-CC3634550179}.Release MAC|Any CPU.ActiveCfg = Release|Any CPU
		{C62B5A09-3F7E-49E9-9A74-CC3634550179}.Release MAC|Any CPU.Build.0 = Release|Any CPU
		{C62B5A09-3F7E-49E9-9A74-CC3634550179}.Release|Any CPU.ActiveCfg = Release|Any CPU
		{C62B5A09-3F7E-49E9-9A74-CC3634550179}.Release|Any CPU.Build.0 = Release|Any CPU
		{757D969E-5615-4578-B200-7CB3E7EF8C4A}.Debug|Any CPU.ActiveCfg = Debug|Any CPU
		{757D969E-5615-4578-B200-7CB3E7EF8C4A}.Debug|Any CPU.Build.0 = Debug|Any CPU
		{757D969E-5615-4578-B200-7CB3E7EF8C4A}.InProgress|Any CPU.ActiveCfg = Release|Any CPU
		{757D969E-5615-4578-B200-7CB3E7EF8C4A}.InProgress|Any CPU.Build.0 = Release|Any CPU
		{757D969E-5615-4578-B200-7CB3E7EF8C4A}.Release MAC|Any CPU.ActiveCfg = Release|Any CPU
		{757D969E-5615-4578-B200-7CB3E7EF8C4A}.Release MAC|Any CPU.Build.0 = Release|Any CPU
		{757D969E-5615-4578-B200-7CB3E7EF8C4A}.Release|Any CPU.ActiveCfg = Release|Any CPU
		{757D969E-5615-4578-B200-7CB3E7EF8C4A}.Release|Any CPU.Build.0 = Release|Any CPU
		{93DB98CD-27F5-4604-B19B-98733846009F}.Debug|Any CPU.ActiveCfg = Debug|Any CPU
		{93DB98CD-27F5-4604-B19B-98733846009F}.Debug|Any CPU.Build.0 = Debug|Any CPU
		{93DB98CD-27F5-4604-B19B-98733846009F}.InProgress|Any CPU.ActiveCfg = Release|Any CPU
		{93DB98CD-27F5-4604-B19B-98733846009F}.InProgress|Any CPU.Build.0 = Release|Any CPU
		{93DB98CD-27F5-4604-B19B-98733846009F}.Release MAC|Any CPU.ActiveCfg = Release|Any CPU
		{93DB98CD-27F5-4604-B19B-98733846009F}.Release MAC|Any CPU.Build.0 = Release|Any CPU
		{93DB98CD-27F5-4604-B19B-98733846009F}.Release|Any CPU.ActiveCfg = Release|Any CPU
		{93DB98CD-27F5-4604-B19B-98733846009F}.Release|Any CPU.Build.0 = Release|Any CPU
		{1F2E249D-8B25-4B0D-9396-A51B640A9190}.Debug|Any CPU.ActiveCfg = Debug|Any CPU
		{1F2E249D-8B25-4B0D-9396-A51B640A9190}.Debug|Any CPU.Build.0 = Debug|Any CPU
		{1F2E249D-8B25-4B0D-9396-A51B640A9190}.InProgress|Any CPU.ActiveCfg = Release|Any CPU
		{1F2E249D-8B25-4B0D-9396-A51B640A9190}.InProgress|Any CPU.Build.0 = Release|Any CPU
		{1F2E249D-8B25-4B0D-9396-A51B640A9190}.Release MAC|Any CPU.ActiveCfg = Release|Any CPU
		{1F2E249D-8B25-4B0D-9396-A51B640A9190}.Release MAC|Any CPU.Build.0 = Release|Any CPU
		{1F2E249D-8B25-4B0D-9396-A51B640A9190}.Release|Any CPU.ActiveCfg = Release|Any CPU
		{1F2E249D-8B25-4B0D-9396-A51B640A9190}.Release|Any CPU.Build.0 = Release|Any CPU
		{0A5008C5-1F93-460D-947A-F80626618BC1}.Debug|Any CPU.ActiveCfg = Debug|Any CPU
		{0A5008C5-1F93-460D-947A-F80626618BC1}.Debug|Any CPU.Build.0 = Debug|Any CPU
		{0A5008C5-1F93-460D-947A-F80626618BC1}.InProgress|Any CPU.ActiveCfg = Release|Any CPU
		{0A5008C5-1F93-460D-947A-F80626618BC1}.InProgress|Any CPU.Build.0 = Release|Any CPU
		{0A5008C5-1F93-460D-947A-F80626618BC1}.Release MAC|Any CPU.ActiveCfg = Release|Any CPU
		{0A5008C5-1F93-460D-947A-F80626618BC1}.Release MAC|Any CPU.Build.0 = Release|Any CPU
		{0A5008C5-1F93-460D-947A-F80626618BC1}.Release|Any CPU.ActiveCfg = Release|Any CPU
		{0A5008C5-1F93-460D-947A-F80626618BC1}.Release|Any CPU.Build.0 = Release|Any CPU
		{FF366135-4BCB-4E8F-B98A-B1469B12EB01}.Debug|Any CPU.ActiveCfg = Debug|Any CPU
		{FF366135-4BCB-4E8F-B98A-B1469B12EB01}.Debug|Any CPU.Build.0 = Debug|Any CPU
		{FF366135-4BCB-4E8F-B98A-B1469B12EB01}.InProgress|Any CPU.ActiveCfg = Release MAC|x86
		{FF366135-4BCB-4E8F-B98A-B1469B12EB01}.Release MAC|Any CPU.ActiveCfg = Release MAC|Any CPU
		{FF366135-4BCB-4E8F-B98A-B1469B12EB01}.Release MAC|Any CPU.Build.0 = Release MAC|Any CPU
		{FF366135-4BCB-4E8F-B98A-B1469B12EB01}.Release|Any CPU.ActiveCfg = Release|Any CPU
		{FF366135-4BCB-4E8F-B98A-B1469B12EB01}.Release|Any CPU.Build.0 = Release|Any CPU
		{BA2DDBAD-7B3E-4DAB-8C75-90BDB0CF7971}.Debug|Any CPU.ActiveCfg = Debug|Any CPU
		{BA2DDBAD-7B3E-4DAB-8C75-90BDB0CF7971}.Debug|Any CPU.Build.0 = Debug|Any CPU
		{BA2DDBAD-7B3E-4DAB-8C75-90BDB0CF7971}.InProgress|Any CPU.ActiveCfg = Release MAC|x86
		{BA2DDBAD-7B3E-4DAB-8C75-90BDB0CF7971}.Release MAC|Any CPU.ActiveCfg = Release MAC|Any CPU
		{BA2DDBAD-7B3E-4DAB-8C75-90BDB0CF7971}.Release MAC|Any CPU.Build.0 = Release MAC|Any CPU
		{BA2DDBAD-7B3E-4DAB-8C75-90BDB0CF7971}.Release|Any CPU.ActiveCfg = Release|Any CPU
		{BA2DDBAD-7B3E-4DAB-8C75-90BDB0CF7971}.Release|Any CPU.Build.0 = Release|Any CPU
		{F9D12771-F09E-46A4-B059-F2863BBCB284}.Debug|Any CPU.ActiveCfg = Debug|Any CPU
		{F9D12771-F09E-46A4-B059-F2863BBCB284}.Debug|Any CPU.Build.0 = Debug|Any CPU
		{F9D12771-F09E-46A4-B059-F2863BBCB284}.InProgress|Any CPU.ActiveCfg = Release|x86
		{F9D12771-F09E-46A4-B059-F2863BBCB284}.Release MAC|Any CPU.ActiveCfg = Release|Any CPU
		{F9D12771-F09E-46A4-B059-F2863BBCB284}.Release MAC|Any CPU.Build.0 = Release|Any CPU
		{F9D12771-F09E-46A4-B059-F2863BBCB284}.Release|Any CPU.ActiveCfg = Release|Any CPU
		{F9D12771-F09E-46A4-B059-F2863BBCB284}.Release|Any CPU.Build.0 = Release|Any CPU
		{B7C42555-6136-42F3-8447-7E8FC0EB82A2}.Debug|Any CPU.ActiveCfg = Debug|Any CPU
		{B7C42555-6136-42F3-8447-7E8FC0EB82A2}.Debug|Any CPU.Build.0 = Debug|Any CPU
		{B7C42555-6136-42F3-8447-7E8FC0EB82A2}.InProgress|Any CPU.ActiveCfg = Release MAC|Any CPU
		{B7C42555-6136-42F3-8447-7E8FC0EB82A2}.InProgress|Any CPU.Build.0 = Release MAC|Any CPU
		{B7C42555-6136-42F3-8447-7E8FC0EB82A2}.Release MAC|Any CPU.ActiveCfg = Release MAC|Any CPU
		{B7C42555-6136-42F3-8447-7E8FC0EB82A2}.Release MAC|Any CPU.Build.0 = Release MAC|Any CPU
		{B7C42555-6136-42F3-8447-7E8FC0EB82A2}.Release|Any CPU.ActiveCfg = Release|Any CPU
		{B7C42555-6136-42F3-8447-7E8FC0EB82A2}.Release|Any CPU.Build.0 = Release|Any CPU
		{919D3995-A665-4630-9467-BAF47933322E}.Debug|Any CPU.ActiveCfg = Debug|Any CPU
		{919D3995-A665-4630-9467-BAF47933322E}.Debug|Any CPU.Build.0 = Debug|Any CPU
		{919D3995-A665-4630-9467-BAF47933322E}.InProgress|Any CPU.ActiveCfg = Release|Any CPU
		{919D3995-A665-4630-9467-BAF47933322E}.InProgress|Any CPU.Build.0 = Release|Any CPU
		{919D3995-A665-4630-9467-BAF47933322E}.Release MAC|Any CPU.ActiveCfg = Release|Any CPU
		{919D3995-A665-4630-9467-BAF47933322E}.Release MAC|Any CPU.Build.0 = Release|Any CPU
		{919D3995-A665-4630-9467-BAF47933322E}.Release|Any CPU.ActiveCfg = Release|Any CPU
		{919D3995-A665-4630-9467-BAF47933322E}.Release|Any CPU.Build.0 = Release|Any CPU
		{1EDAF2EE-1385-48D7-A47D-8D56ECEE6270}.Debug|Any CPU.ActiveCfg = Debug|Any CPU
		{1EDAF2EE-1385-48D7-A47D-8D56ECEE6270}.Debug|Any CPU.Build.0 = Debug|Any CPU
		{1EDAF2EE-1385-48D7-A47D-8D56ECEE6270}.InProgress|Any CPU.ActiveCfg = Release MAC|Any CPU
		{1EDAF2EE-1385-48D7-A47D-8D56ECEE6270}.InProgress|Any CPU.Build.0 = Release MAC|Any CPU
		{1EDAF2EE-1385-48D7-A47D-8D56ECEE6270}.Release MAC|Any CPU.ActiveCfg = Release MAC|Any CPU
		{1EDAF2EE-1385-48D7-A47D-8D56ECEE6270}.Release MAC|Any CPU.Build.0 = Release MAC|Any CPU
		{1EDAF2EE-1385-48D7-A47D-8D56ECEE6270}.Release|Any CPU.ActiveCfg = Release|Any CPU
		{1EDAF2EE-1385-48D7-A47D-8D56ECEE6270}.Release|Any CPU.Build.0 = Release|Any CPU
		{D85F3714-808E-441C-A515-98600948A49C}.Debug|Any CPU.ActiveCfg = Debug|Any CPU
		{D85F3714-808E-441C-A515-98600948A49C}.Debug|Any CPU.Build.0 = Debug|Any CPU
		{D85F3714-808E-441C-A515-98600948A49C}.InProgress|Any CPU.ActiveCfg = Release MAC|Any CPU
		{D85F3714-808E-441C-A515-98600948A49C}.InProgress|Any CPU.Build.0 = Release MAC|Any CPU
		{D85F3714-808E-441C-A515-98600948A49C}.Release MAC|Any CPU.ActiveCfg = Release MAC|Any CPU
		{D85F3714-808E-441C-A515-98600948A49C}.Release MAC|Any CPU.Build.0 = Release MAC|Any CPU
		{D85F3714-808E-441C-A515-98600948A49C}.Release|Any CPU.ActiveCfg = Release|Any CPU
		{D85F3714-808E-441C-A515-98600948A49C}.Release|Any CPU.Build.0 = Release|Any CPU
		{70764FA6-9083-417A-ABDE-24C8CDD11C54}.Debug|Any CPU.ActiveCfg = Debug|Any CPU
		{70764FA6-9083-417A-ABDE-24C8CDD11C54}.Debug|Any CPU.Build.0 = Debug|Any CPU
		{70764FA6-9083-417A-ABDE-24C8CDD11C54}.InProgress|Any CPU.ActiveCfg = Release MAC|Any CPU
		{70764FA6-9083-417A-ABDE-24C8CDD11C54}.InProgress|Any CPU.Build.0 = Release MAC|Any CPU
		{70764FA6-9083-417A-ABDE-24C8CDD11C54}.Release MAC|Any CPU.ActiveCfg = Release MAC|Any CPU
		{70764FA6-9083-417A-ABDE-24C8CDD11C54}.Release MAC|Any CPU.Build.0 = Release MAC|Any CPU
		{70764FA6-9083-417A-ABDE-24C8CDD11C54}.Release|Any CPU.ActiveCfg = Release|Any CPU
		{70764FA6-9083-417A-ABDE-24C8CDD11C54}.Release|Any CPU.Build.0 = Release|Any CPU
		{7CF14A1C-C77D-4D48-BE64-1B07D6D11543}.Debug|Any CPU.ActiveCfg = Debug|Any CPU
		{7CF14A1C-C77D-4D48-BE64-1B07D6D11543}.Debug|Any CPU.Build.0 = Debug|Any CPU
		{7CF14A1C-C77D-4D48-BE64-1B07D6D11543}.InProgress|Any CPU.ActiveCfg = Release|Any CPU
		{7CF14A1C-C77D-4D48-BE64-1B07D6D11543}.InProgress|Any CPU.Build.0 = Release|Any CPU
		{7CF14A1C-C77D-4D48-BE64-1B07D6D11543}.Release MAC|Any CPU.ActiveCfg = Release|Any CPU
		{7CF14A1C-C77D-4D48-BE64-1B07D6D11543}.Release MAC|Any CPU.Build.0 = Release|Any CPU
		{7CF14A1C-C77D-4D48-BE64-1B07D6D11543}.Release|Any CPU.ActiveCfg = Release|Any CPU
		{7CF14A1C-C77D-4D48-BE64-1B07D6D11543}.Release|Any CPU.Build.0 = Release|Any CPU
		{B5DC5DD5-B1B7-4EFF-B605-57909219EA9E}.Debug|Any CPU.ActiveCfg = Debug|Any CPU
		{B5DC5DD5-B1B7-4EFF-B605-57909219EA9E}.Debug|Any CPU.Build.0 = Debug|Any CPU
		{B5DC5DD5-B1B7-4EFF-B605-57909219EA9E}.InProgress|Any CPU.ActiveCfg = Release|Any CPU
		{B5DC5DD5-B1B7-4EFF-B605-57909219EA9E}.InProgress|Any CPU.Build.0 = Release|Any CPU
		{B5DC5DD5-B1B7-4EFF-B605-57909219EA9E}.Release MAC|Any CPU.ActiveCfg = Release|Any CPU
		{B5DC5DD5-B1B7-4EFF-B605-57909219EA9E}.Release MAC|Any CPU.Build.0 = Release|Any CPU
		{B5DC5DD5-B1B7-4EFF-B605-57909219EA9E}.Release|Any CPU.ActiveCfg = Release|Any CPU
		{B5DC5DD5-B1B7-4EFF-B605-57909219EA9E}.Release|Any CPU.Build.0 = Release|Any CPU
		{C34DE705-C0C6-4698-BBF1-56D4B1E591D0}.Debug|Any CPU.ActiveCfg = Debug|Any CPU
		{C34DE705-C0C6-4698-BBF1-56D4B1E591D0}.Debug|Any CPU.Build.0 = Debug|Any CPU
		{C34DE705-C0C6-4698-BBF1-56D4B1E591D0}.InProgress|Any CPU.ActiveCfg = Release|Any CPU
		{C34DE705-C0C6-4698-BBF1-56D4B1E591D0}.InProgress|Any CPU.Build.0 = Release|Any CPU
		{C34DE705-C0C6-4698-BBF1-56D4B1E591D0}.Release MAC|Any CPU.ActiveCfg = Release|Any CPU
		{C34DE705-C0C6-4698-BBF1-56D4B1E591D0}.Release MAC|Any CPU.Build.0 = Release|Any CPU
		{C34DE705-C0C6-4698-BBF1-56D4B1E591D0}.Release|Any CPU.ActiveCfg = Release|Any CPU
		{C34DE705-C0C6-4698-BBF1-56D4B1E591D0}.Release|Any CPU.Build.0 = Release|Any CPU
		{123B29C4-676C-4C93-96E3-DF6FA5F17117}.Debug|Any CPU.ActiveCfg = Debug|Any CPU
		{123B29C4-676C-4C93-96E3-DF6FA5F17117}.Debug|Any CPU.Build.0 = Debug|Any CPU
		{123B29C4-676C-4C93-96E3-DF6FA5F17117}.InProgress|Any CPU.ActiveCfg = Release|Any CPU
		{123B29C4-676C-4C93-96E3-DF6FA5F17117}.InProgress|Any CPU.Build.0 = Release|Any CPU
		{123B29C4-676C-4C93-96E3-DF6FA5F17117}.Release MAC|Any CPU.ActiveCfg = Release|Any CPU
		{123B29C4-676C-4C93-96E3-DF6FA5F17117}.Release MAC|Any CPU.Build.0 = Release|Any CPU
		{123B29C4-676C-4C93-96E3-DF6FA5F17117}.Release|Any CPU.ActiveCfg = Release|Any CPU
		{123B29C4-676C-4C93-96E3-DF6FA5F17117}.Release|Any CPU.Build.0 = Release|Any CPU
		{6FEE1E00-21CC-46B5-BDF3-1A3E13A96AE2}.Debug|Any CPU.ActiveCfg = Debug|Any CPU
		{6FEE1E00-21CC-46B5-BDF3-1A3E13A96AE2}.Debug|Any CPU.Build.0 = Debug|Any CPU
		{6FEE1E00-21CC-46B5-BDF3-1A3E13A96AE2}.InProgress|Any CPU.ActiveCfg = Release|Any CPU
		{6FEE1E00-21CC-46B5-BDF3-1A3E13A96AE2}.InProgress|Any CPU.Build.0 = Release|Any CPU
		{6FEE1E00-21CC-46B5-BDF3-1A3E13A96AE2}.Release MAC|Any CPU.ActiveCfg = Release|Any CPU
		{6FEE1E00-21CC-46B5-BDF3-1A3E13A96AE2}.Release MAC|Any CPU.Build.0 = Release|Any CPU
		{6FEE1E00-21CC-46B5-BDF3-1A3E13A96AE2}.Release|Any CPU.ActiveCfg = Release|Any CPU
		{6FEE1E00-21CC-46B5-BDF3-1A3E13A96AE2}.Release|Any CPU.Build.0 = Release|Any CPU
		{23191E21-06CB-431A-9601-8109DD8ED5BC}.Debug|Any CPU.ActiveCfg = Debug|Any CPU
		{23191E21-06CB-431A-9601-8109DD8ED5BC}.Debug|Any CPU.Build.0 = Debug|Any CPU
		{23191E21-06CB-431A-9601-8109DD8ED5BC}.InProgress|Any CPU.ActiveCfg = Release|Any CPU
		{23191E21-06CB-431A-9601-8109DD8ED5BC}.InProgress|Any CPU.Build.0 = Release|Any CPU
		{23191E21-06CB-431A-9601-8109DD8ED5BC}.Release MAC|Any CPU.ActiveCfg = Release|Any CPU
		{23191E21-06CB-431A-9601-8109DD8ED5BC}.Release MAC|Any CPU.Build.0 = Release|Any CPU
		{23191E21-06CB-431A-9601-8109DD8ED5BC}.Release|Any CPU.ActiveCfg = Release|Any CPU
		{23191E21-06CB-431A-9601-8109DD8ED5BC}.Release|Any CPU.Build.0 = Release|Any CPU
		{04AE5142-5537-436B-8B87-8E676B059FF2}.Debug|Any CPU.ActiveCfg = Debug|Any CPU
		{04AE5142-5537-436B-8B87-8E676B059FF2}.Debug|Any CPU.Build.0 = Debug|Any CPU
		{04AE5142-5537-436B-8B87-8E676B059FF2}.InProgress|Any CPU.ActiveCfg = Release MAC|Any CPU
		{04AE5142-5537-436B-8B87-8E676B059FF2}.InProgress|Any CPU.Build.0 = Release MAC|Any CPU
		{04AE5142-5537-436B-8B87-8E676B059FF2}.Release MAC|Any CPU.ActiveCfg = Release MAC|Any CPU
		{04AE5142-5537-436B-8B87-8E676B059FF2}.Release MAC|Any CPU.Build.0 = Release MAC|Any CPU
		{04AE5142-5537-436B-8B87-8E676B059FF2}.Release|Any CPU.ActiveCfg = Release|Any CPU
		{04AE5142-5537-436B-8B87-8E676B059FF2}.Release|Any CPU.Build.0 = Release|Any CPU
		{A42ED57E-1F65-4800-BEE0-C5D93842338B}.Debug|Any CPU.ActiveCfg = Debug|Any CPU
		{A42ED57E-1F65-4800-BEE0-C5D93842338B}.Debug|Any CPU.Build.0 = Debug|Any CPU
		{A42ED57E-1F65-4800-BEE0-C5D93842338B}.InProgress|Any CPU.ActiveCfg = Release|Any CPU
		{A42ED57E-1F65-4800-BEE0-C5D93842338B}.InProgress|Any CPU.Build.0 = Release|Any CPU
		{A42ED57E-1F65-4800-BEE0-C5D93842338B}.Release MAC|Any CPU.ActiveCfg = Release|Any CPU
		{A42ED57E-1F65-4800-BEE0-C5D93842338B}.Release MAC|Any CPU.Build.0 = Release|Any CPU
		{A42ED57E-1F65-4800-BEE0-C5D93842338B}.Release|Any CPU.ActiveCfg = Release|Any CPU
		{A42ED57E-1F65-4800-BEE0-C5D93842338B}.Release|Any CPU.Build.0 = Release|Any CPU
		{1B3BDBE4-B8DD-4C91-BC8C-F908CA7DC5BE}.Debug|Any CPU.ActiveCfg = Debug|Any CPU
		{1B3BDBE4-B8DD-4C91-BC8C-F908CA7DC5BE}.Debug|Any CPU.Build.0 = Debug|Any CPU
		{1B3BDBE4-B8DD-4C91-BC8C-F908CA7DC5BE}.InProgress|Any CPU.ActiveCfg = Release MAC|x86
		{1B3BDBE4-B8DD-4C91-BC8C-F908CA7DC5BE}.Release MAC|Any CPU.ActiveCfg = Release MAC|Any CPU
		{1B3BDBE4-B8DD-4C91-BC8C-F908CA7DC5BE}.Release MAC|Any CPU.Build.0 = Release MAC|Any CPU
		{1B3BDBE4-B8DD-4C91-BC8C-F908CA7DC5BE}.Release|Any CPU.ActiveCfg = Release|Any CPU
		{1B3BDBE4-B8DD-4C91-BC8C-F908CA7DC5BE}.Release|Any CPU.Build.0 = Release|Any CPU
		{15F8A159-7E81-48F9-A812-A26995E57E43}.Debug|Any CPU.ActiveCfg = Debug|Any CPU
		{15F8A159-7E81-48F9-A812-A26995E57E43}.Debug|Any CPU.Build.0 = Debug|Any CPU
		{15F8A159-7E81-48F9-A812-A26995E57E43}.InProgress|Any CPU.ActiveCfg = Release Mac|x86
		{15F8A159-7E81-48F9-A812-A26995E57E43}.Release MAC|Any CPU.ActiveCfg = Release Mac|Any CPU
		{15F8A159-7E81-48F9-A812-A26995E57E43}.Release MAC|Any CPU.Build.0 = Release Mac|Any CPU
		{15F8A159-7E81-48F9-A812-A26995E57E43}.Release|Any CPU.ActiveCfg = Release|Any CPU
		{15F8A159-7E81-48F9-A812-A26995E57E43}.Release|Any CPU.Build.0 = Release|Any CPU
		{90E3D729-B2F4-43C8-9287-05C8F810FDAA}.Debug|Any CPU.ActiveCfg = Debug|Any CPU
		{90E3D729-B2F4-43C8-9287-05C8F810FDAA}.Debug|Any CPU.Build.0 = Debug|Any CPU
		{90E3D729-B2F4-43C8-9287-05C8F810FDAA}.InProgress|Any CPU.ActiveCfg = Release MAC|x86
		{90E3D729-B2F4-43C8-9287-05C8F810FDAA}.Release MAC|Any CPU.ActiveCfg = Release MAC|Any CPU
		{90E3D729-B2F4-43C8-9287-05C8F810FDAA}.Release MAC|Any CPU.Build.0 = Release MAC|Any CPU
		{90E3D729-B2F4-43C8-9287-05C8F810FDAA}.Release|Any CPU.ActiveCfg = Release|Any CPU
		{90E3D729-B2F4-43C8-9287-05C8F810FDAA}.Release|Any CPU.Build.0 = Release|Any CPU
		{FE545C7D-89CD-4DC4-AF79-2F954E60EC8B}.Debug|Any CPU.ActiveCfg = Debug|Any CPU
		{FE545C7D-89CD-4DC4-AF79-2F954E60EC8B}.Debug|Any CPU.Build.0 = Debug|Any CPU
		{FE545C7D-89CD-4DC4-AF79-2F954E60EC8B}.InProgress|Any CPU.ActiveCfg = Release MAC|x86
		{FE545C7D-89CD-4DC4-AF79-2F954E60EC8B}.Release MAC|Any CPU.ActiveCfg = Release MAC|Any CPU
		{FE545C7D-89CD-4DC4-AF79-2F954E60EC8B}.Release MAC|Any CPU.Build.0 = Release MAC|Any CPU
		{FE545C7D-89CD-4DC4-AF79-2F954E60EC8B}.Release|Any CPU.ActiveCfg = Release|Any CPU
		{FE545C7D-89CD-4DC4-AF79-2F954E60EC8B}.Release|Any CPU.Build.0 = Release|Any CPU
		{DC7A6F01-7424-4F75-8EC7-FB744EDE0A85}.Debug|Any CPU.ActiveCfg = Debug|Any CPU
		{DC7A6F01-7424-4F75-8EC7-FB744EDE0A85}.Debug|Any CPU.Build.0 = Debug|Any CPU
		{DC7A6F01-7424-4F75-8EC7-FB744EDE0A85}.InProgress|Any CPU.ActiveCfg = Release MAC|x86
		{DC7A6F01-7424-4F75-8EC7-FB744EDE0A85}.Release MAC|Any CPU.ActiveCfg = Release MAC|Any CPU
		{DC7A6F01-7424-4F75-8EC7-FB744EDE0A85}.Release MAC|Any CPU.Build.0 = Release MAC|Any CPU
		{DC7A6F01-7424-4F75-8EC7-FB744EDE0A85}.Release|Any CPU.ActiveCfg = Release|Any CPU
		{DC7A6F01-7424-4F75-8EC7-FB744EDE0A85}.Release|Any CPU.Build.0 = Release|Any CPU
		{01CD7EA0-AD6D-4895-BCD9-0A74F0ADC624}.Debug|Any CPU.ActiveCfg = Debug|Any CPU
		{01CD7EA0-AD6D-4895-BCD9-0A74F0ADC624}.Debug|Any CPU.Build.0 = Debug|Any CPU
		{01CD7EA0-AD6D-4895-BCD9-0A74F0ADC624}.InProgress|Any CPU.ActiveCfg = Release MAC|x86
		{01CD7EA0-AD6D-4895-BCD9-0A74F0ADC624}.Release MAC|Any CPU.ActiveCfg = Release MAC|Any CPU
		{01CD7EA0-AD6D-4895-BCD9-0A74F0ADC624}.Release MAC|Any CPU.Build.0 = Release MAC|Any CPU
		{01CD7EA0-AD6D-4895-BCD9-0A74F0ADC624}.Release|Any CPU.ActiveCfg = Release|Any CPU
		{01CD7EA0-AD6D-4895-BCD9-0A74F0ADC624}.Release|Any CPU.Build.0 = Release|Any CPU
		{98AEE536-9B30-464F-AE2A-5023E383F10F}.Debug|Any CPU.ActiveCfg = Debug|Any CPU
		{98AEE536-9B30-464F-AE2A-5023E383F10F}.Debug|Any CPU.Build.0 = Debug|Any CPU
		{98AEE536-9B30-464F-AE2A-5023E383F10F}.InProgress|Any CPU.ActiveCfg = Release MAC|x86
		{98AEE536-9B30-464F-AE2A-5023E383F10F}.Release MAC|Any CPU.ActiveCfg = Release MAC|Any CPU
		{98AEE536-9B30-464F-AE2A-5023E383F10F}.Release MAC|Any CPU.Build.0 = Release MAC|Any CPU
		{98AEE536-9B30-464F-AE2A-5023E383F10F}.Release|Any CPU.ActiveCfg = Release|Any CPU
		{98AEE536-9B30-464F-AE2A-5023E383F10F}.Release|Any CPU.Build.0 = Release|Any CPU
		{F05E0CF4-C8A4-4500-8E2D-74F1F2C75AA0}.Debug|Any CPU.ActiveCfg = Debug|Any CPU
		{F05E0CF4-C8A4-4500-8E2D-74F1F2C75AA0}.Debug|Any CPU.Build.0 = Debug|Any CPU
		{F05E0CF4-C8A4-4500-8E2D-74F1F2C75AA0}.InProgress|Any CPU.ActiveCfg = Release MAC|x86
		{F05E0CF4-C8A4-4500-8E2D-74F1F2C75AA0}.Release MAC|Any CPU.ActiveCfg = Release MAC|Any CPU
		{F05E0CF4-C8A4-4500-8E2D-74F1F2C75AA0}.Release MAC|Any CPU.Build.0 = Release MAC|Any CPU
		{F05E0CF4-C8A4-4500-8E2D-74F1F2C75AA0}.Release|Any CPU.ActiveCfg = Release|Any CPU
		{F05E0CF4-C8A4-4500-8E2D-74F1F2C75AA0}.Release|Any CPU.Build.0 = Release|Any CPU
		{185EF4A5-DCDD-40A3-803D-DD4A960852B4}.Debug|Any CPU.ActiveCfg = Debug|Any CPU
		{185EF4A5-DCDD-40A3-803D-DD4A960852B4}.Debug|Any CPU.Build.0 = Debug|Any CPU
		{185EF4A5-DCDD-40A3-803D-DD4A960852B4}.InProgress|Any CPU.ActiveCfg = Release MAC|x86
		{185EF4A5-DCDD-40A3-803D-DD4A960852B4}.Release MAC|Any CPU.ActiveCfg = Release MAC|Any CPU
		{185EF4A5-DCDD-40A3-803D-DD4A960852B4}.Release MAC|Any CPU.Build.0 = Release MAC|Any CPU
		{185EF4A5-DCDD-40A3-803D-DD4A960852B4}.Release|Any CPU.ActiveCfg = Release|Any CPU
		{185EF4A5-DCDD-40A3-803D-DD4A960852B4}.Release|Any CPU.Build.0 = Release|Any CPU
		{5D317A8D-7C05-4372-B8FD-8F53830FA2A9}.Debug|Any CPU.ActiveCfg = Debug|Any CPU
		{5D317A8D-7C05-4372-B8FD-8F53830FA2A9}.Debug|Any CPU.Build.0 = Debug|Any CPU
		{5D317A8D-7C05-4372-B8FD-8F53830FA2A9}.InProgress|Any CPU.ActiveCfg = Release MAC|x86
		{5D317A8D-7C05-4372-B8FD-8F53830FA2A9}.Release MAC|Any CPU.ActiveCfg = Release MAC|Any CPU
		{5D317A8D-7C05-4372-B8FD-8F53830FA2A9}.Release MAC|Any CPU.Build.0 = Release MAC|Any CPU
		{5D317A8D-7C05-4372-B8FD-8F53830FA2A9}.Release|Any CPU.ActiveCfg = Release|Any CPU
		{5D317A8D-7C05-4372-B8FD-8F53830FA2A9}.Release|Any CPU.Build.0 = Release|Any CPU
		{B7964FBA-E44E-4A1F-8604-76B57D55DB88}.Debug|Any CPU.ActiveCfg = Debug|Any CPU
		{B7964FBA-E44E-4A1F-8604-76B57D55DB88}.Debug|Any CPU.Build.0 = Debug|Any CPU
		{B7964FBA-E44E-4A1F-8604-76B57D55DB88}.InProgress|Any CPU.ActiveCfg = Release MAC|x86
		{B7964FBA-E44E-4A1F-8604-76B57D55DB88}.Release MAC|Any CPU.ActiveCfg = Release MAC|Any CPU
		{B7964FBA-E44E-4A1F-8604-76B57D55DB88}.Release MAC|Any CPU.Build.0 = Release MAC|Any CPU
		{B7964FBA-E44E-4A1F-8604-76B57D55DB88}.Release|Any CPU.ActiveCfg = Release|Any CPU
		{B7964FBA-E44E-4A1F-8604-76B57D55DB88}.Release|Any CPU.Build.0 = Release|Any CPU
		{DF3959A0-B956-49B4-AE52-4D31C362D0E6}.Debug|Any CPU.ActiveCfg = Debug|Any CPU
		{DF3959A0-B956-49B4-AE52-4D31C362D0E6}.Debug|Any CPU.Build.0 = Debug|Any CPU
		{DF3959A0-B956-49B4-AE52-4D31C362D0E6}.InProgress|Any CPU.ActiveCfg = Release MAC|x86
		{DF3959A0-B956-49B4-AE52-4D31C362D0E6}.Release MAC|Any CPU.ActiveCfg = Release MAC|Any CPU
		{DF3959A0-B956-49B4-AE52-4D31C362D0E6}.Release MAC|Any CPU.Build.0 = Release MAC|Any CPU
		{DF3959A0-B956-49B4-AE52-4D31C362D0E6}.Release|Any CPU.ActiveCfg = Release|Any CPU
		{DF3959A0-B956-49B4-AE52-4D31C362D0E6}.Release|Any CPU.Build.0 = Release|Any CPU
		{869B0FB6-6348-4F7F-8AC7-3614B5DC17B4}.Debug|Any CPU.ActiveCfg = Debug|Any CPU
		{869B0FB6-6348-4F7F-8AC7-3614B5DC17B4}.Debug|Any CPU.Build.0 = Debug|Any CPU
		{869B0FB6-6348-4F7F-8AC7-3614B5DC17B4}.InProgress|Any CPU.ActiveCfg = Release MAC|x86
		{869B0FB6-6348-4F7F-8AC7-3614B5DC17B4}.Release MAC|Any CPU.ActiveCfg = Release MAC|Any CPU
		{869B0FB6-6348-4F7F-8AC7-3614B5DC17B4}.Release MAC|Any CPU.Build.0 = Release MAC|Any CPU
		{869B0FB6-6348-4F7F-8AC7-3614B5DC17B4}.Release|Any CPU.ActiveCfg = Release|Any CPU
		{869B0FB6-6348-4F7F-8AC7-3614B5DC17B4}.Release|Any CPU.Build.0 = Release|Any CPU
		{E7B210C8-ECE8-4E30-A5A8-27299788C29C}.Debug|Any CPU.ActiveCfg = Debug|Any CPU
		{E7B210C8-ECE8-4E30-A5A8-27299788C29C}.Debug|Any CPU.Build.0 = Debug|Any CPU
		{E7B210C8-ECE8-4E30-A5A8-27299788C29C}.InProgress|Any CPU.ActiveCfg = Release|x86
		{E7B210C8-ECE8-4E30-A5A8-27299788C29C}.Release MAC|Any CPU.ActiveCfg = Release|Any CPU
		{E7B210C8-ECE8-4E30-A5A8-27299788C29C}.Release MAC|Any CPU.Build.0 = Release|Any CPU
		{E7B210C8-ECE8-4E30-A5A8-27299788C29C}.Release|Any CPU.ActiveCfg = Release|Any CPU
		{E7B210C8-ECE8-4E30-A5A8-27299788C29C}.Release|Any CPU.Build.0 = Release|Any CPU
		{F9B4B0C5-B459-4703-AC83-4AEC202D8BF8}.Debug|Any CPU.ActiveCfg = Debug|Any CPU
		{F9B4B0C5-B459-4703-AC83-4AEC202D8BF8}.Debug|Any CPU.Build.0 = Debug|Any CPU
		{F9B4B0C5-B459-4703-AC83-4AEC202D8BF8}.InProgress|Any CPU.ActiveCfg = Release|Any CPU
		{F9B4B0C5-B459-4703-AC83-4AEC202D8BF8}.InProgress|Any CPU.Build.0 = Release|Any CPU
		{F9B4B0C5-B459-4703-AC83-4AEC202D8BF8}.Release MAC|Any CPU.ActiveCfg = Release|Any CPU
		{F9B4B0C5-B459-4703-AC83-4AEC202D8BF8}.Release MAC|Any CPU.Build.0 = Release|Any CPU
		{F9B4B0C5-B459-4703-AC83-4AEC202D8BF8}.Release|Any CPU.ActiveCfg = Release|Any CPU
		{F9B4B0C5-B459-4703-AC83-4AEC202D8BF8}.Release|Any CPU.Build.0 = Release|Any CPU
		{34186D6D-CCCC-4143-9B4B-2F6093D26178}.Debug|Any CPU.ActiveCfg = Debug|Any CPU
		{34186D6D-CCCC-4143-9B4B-2F6093D26178}.Debug|Any CPU.Build.0 = Debug|Any CPU
		{34186D6D-CCCC-4143-9B4B-2F6093D26178}.InProgress|Any CPU.ActiveCfg = Release|Any CPU
		{34186D6D-CCCC-4143-9B4B-2F6093D26178}.InProgress|Any CPU.Build.0 = Release|Any CPU
		{34186D6D-CCCC-4143-9B4B-2F6093D26178}.Release MAC|Any CPU.ActiveCfg = Release|Any CPU
		{34186D6D-CCCC-4143-9B4B-2F6093D26178}.Release MAC|Any CPU.Build.0 = Release|Any CPU
		{34186D6D-CCCC-4143-9B4B-2F6093D26178}.Release|Any CPU.ActiveCfg = Release|Any CPU
		{34186D6D-CCCC-4143-9B4B-2F6093D26178}.Release|Any CPU.Build.0 = Release|Any CPU
		{2569D011-E3AD-48B4-BB5D-AE934A654456}.Debug|Any CPU.ActiveCfg = Debug|Any CPU
		{2569D011-E3AD-48B4-BB5D-AE934A654456}.Debug|Any CPU.Build.0 = Debug|Any CPU
		{2569D011-E3AD-48B4-BB5D-AE934A654456}.InProgress|Any CPU.ActiveCfg = Release|Any CPU
		{2569D011-E3AD-48B4-BB5D-AE934A654456}.InProgress|Any CPU.Build.0 = Release|Any CPU
		{2569D011-E3AD-48B4-BB5D-AE934A654456}.Release MAC|Any CPU.ActiveCfg = Release|Any CPU
		{2569D011-E3AD-48B4-BB5D-AE934A654456}.Release MAC|Any CPU.Build.0 = Release|Any CPU
		{2569D011-E3AD-48B4-BB5D-AE934A654456}.Release|Any CPU.ActiveCfg = Release|Any CPU
		{2569D011-E3AD-48B4-BB5D-AE934A654456}.Release|Any CPU.Build.0 = Release|Any CPU
		{47C910F5-BCC7-47FD-838B-E3801B8BDD5D}.Debug|Any CPU.ActiveCfg = Debug|Any CPU
		{47C910F5-BCC7-47FD-838B-E3801B8BDD5D}.Debug|Any CPU.Build.0 = Debug|Any CPU
		{47C910F5-BCC7-47FD-838B-E3801B8BDD5D}.InProgress|Any CPU.ActiveCfg = Release Mac|Any CPU
		{47C910F5-BCC7-47FD-838B-E3801B8BDD5D}.InProgress|Any CPU.Build.0 = Release Mac|Any CPU
		{47C910F5-BCC7-47FD-838B-E3801B8BDD5D}.Release MAC|Any CPU.ActiveCfg = Release Mac|Any CPU
		{47C910F5-BCC7-47FD-838B-E3801B8BDD5D}.Release MAC|Any CPU.Build.0 = Release Mac|Any CPU
		{47C910F5-BCC7-47FD-838B-E3801B8BDD5D}.Release|Any CPU.ActiveCfg = Release|Any CPU
		{47C910F5-BCC7-47FD-838B-E3801B8BDD5D}.Release|Any CPU.Build.0 = Release|Any CPU
		{346C5CDA-63BA-4CAE-8781-C146AA5E8672}.Debug|Any CPU.ActiveCfg = Debug|Any CPU
		{346C5CDA-63BA-4CAE-8781-C146AA5E8672}.Debug|Any CPU.Build.0 = Debug|Any CPU
		{346C5CDA-63BA-4CAE-8781-C146AA5E8672}.InProgress|Any CPU.ActiveCfg = Release|Any CPU
		{346C5CDA-63BA-4CAE-8781-C146AA5E8672}.InProgress|Any CPU.Build.0 = Release|Any CPU
		{346C5CDA-63BA-4CAE-8781-C146AA5E8672}.Release MAC|Any CPU.ActiveCfg = Release|Any CPU
		{346C5CDA-63BA-4CAE-8781-C146AA5E8672}.Release MAC|Any CPU.Build.0 = Release|Any CPU
		{346C5CDA-63BA-4CAE-8781-C146AA5E8672}.Release|Any CPU.ActiveCfg = Release|Any CPU
		{346C5CDA-63BA-4CAE-8781-C146AA5E8672}.Release|Any CPU.Build.0 = Release|Any CPU
		{6AA664E9-B45F-4D61-9B9F-E68341C16473}.Debug|Any CPU.ActiveCfg = Debug|Any CPU
		{6AA664E9-B45F-4D61-9B9F-E68341C16473}.Debug|Any CPU.Build.0 = Debug|Any CPU
		{6AA664E9-B45F-4D61-9B9F-E68341C16473}.InProgress|Any CPU.ActiveCfg = Release MAC|Any CPU
		{6AA664E9-B45F-4D61-9B9F-E68341C16473}.InProgress|Any CPU.Build.0 = Release MAC|Any CPU
		{6AA664E9-B45F-4D61-9B9F-E68341C16473}.Release MAC|Any CPU.ActiveCfg = Release MAC|Any CPU
		{6AA664E9-B45F-4D61-9B9F-E68341C16473}.Release MAC|Any CPU.Build.0 = Release MAC|Any CPU
		{6AA664E9-B45F-4D61-9B9F-E68341C16473}.Release|Any CPU.ActiveCfg = Release|Any CPU
		{6AA664E9-B45F-4D61-9B9F-E68341C16473}.Release|Any CPU.Build.0 = Release|Any CPU
	EndGlobalSection
	GlobalSection(SolutionProperties) = preSolution
		HideSolutionNode = FALSE
	EndGlobalSection
	GlobalSection(NestedProjects) = preSolution
	EndGlobalSection
EndGlobal
